
Microsoft Visual Studio Solution File, Format Version 12.00
# Visual Studio 15
VisualStudioVersion = 15.0.28307.102
MinimumVisualStudioVersion = 10.0.40219.1
Project("{FAE04EC0-301F-11D3-BF4B-00C04F79EFBC}") = "AngularSignalRCore", "AngularSignalRCore\AngularSignalRCore.csproj", "{128C5262-6984-44CB-9E14-91F7025CD52E}"
EndProject
Global
	GlobalSection(SolutionConfigurationPlatforms) = preSolution
		Debug|Any CPU = Debug|Any CPU
		Release|Any CPU = Release|Any CPU
	EndGlobalSection
	GlobalSection(ProjectConfigurationPlatforms) = postSolution
		{128C5262-6984-44CB-9E14-91F7025CD52E}.Debug|Any CPU.ActiveCfg = Debug|Any CPU
		{128C5262-6984-44CB-9E14-91F7025CD52E}.Debug|Any CPU.Build.0 = Debug|Any CPU
		{128C5262-6984-44CB-9E14-91F7025CD52E}.Release|Any CPU.ActiveCfg = Release|Any CPU
		{128C5262-6984-44CB-9E14-91F7025CD52E}.Release|Any CPU.Build.0 = Release|Any CPU
	EndGlobalSection
	GlobalSection(SolutionProperties) = preSolution
		HideSolutionNode = FALSE
	EndGlobalSection
	GlobalSection(ExtensibilityGlobals) = postSolution
		SolutionGuid = {98DB5DCD-73A7-4FCF-B22B-C3FD9405AAAD}
	EndGlobalSection
EndGlobal
